
Microsoft Visual Studio Solution File, Format Version 12.00
# Visual Studio 15
VisualStudioVersion = 15.0.26430.14
MinimumVisualStudioVersion = 10.0.40219.1
Project("{2150E333-8FDC-42A3-9474-1A3956D46DE8}") = "0 - Presentation", "0 - Presentation", "{6DF1D787-1706-4A47-859D-94C542C43A91}"
EndProject
Project("{2150E333-8FDC-42A3-9474-1A3956D46DE8}") = "1 - Services", "1 - Services", "{F300C1DE-D236-41F4-8170-B7AB45C22AEE}"
EndProject
Project("{2150E333-8FDC-42A3-9474-1A3956D46DE8}") = "2 - Application", "2 - Application", "{E38762BC-71B1-467D-96F0-5F741CDEBF06}"
EndProject
Project("{2150E333-8FDC-42A3-9474-1A3956D46DE8}") = "3 - Domain", "3 - Domain", "{F3139812-2090-4BCC-A23C-8E0E43462379}"
EndProject
Project("{2150E333-8FDC-42A3-9474-1A3956D46DE8}") = "4 - Infra", "4 - Infra", "{58E241E1-D6CF-4960-9F39-99E02BDB30D9}"
EndProject
Project("{2150E333-8FDC-42A3-9474-1A3956D46DE8}") = "4.1 -Data", "4.1 -Data", "{38DDEA2D-EAF9-4E9A-B956-CC09668592D2}"
EndProject
Project("{2150E333-8FDC-42A3-9474-1A3956D46DE8}") = "4.2 - CrossCutting", "4.2 - CrossCutting", "{0C378AA2-9F77-4211-8EE6-033738FB7618}"
EndProject
Project("{FAE04EC0-301F-11D3-BF4B-00C04F79EFBC}") = "HowToTrainWebApi.WebService", "HowToTrainWebApi.WebService\HowToTrainWebApi.WebService.csproj", "{97274CEE-203E-4BB9-9260-6B18D0E1A528}"
EndProject
Project("{FAE04EC0-301F-11D3-BF4B-00C04F79EFBC}") = "HowToTrainWebApi.Application", "HowToTrainWebApi.Application\HowToTrainWebApi.Application.csproj", "{9D93D4FF-77B4-4BDB-BFAE-6BE119F42C30}"
EndProject
Project("{FAE04EC0-301F-11D3-BF4B-00C04F79EFBC}") = "HowToTrainWebApi.Domain", "HowToTrainWebApi.Domain\HowToTrainWebApi.Domain.csproj", "{A87F6A54-3C77-4AF6-BF22-DCF0D9DF2AE5}"
EndProject
Project("{FAE04EC0-301F-11D3-BF4B-00C04F79EFBC}") = "HowToTrainWebApi.Infra.Data", "HowToTrainWebApi.Infra.Data\HowToTrainWebApi.Infra.Data.csproj", "{3AEE10AE-24E8-470F-954F-A3B33518B20D}"
EndProject
Global
	GlobalSection(SolutionConfigurationPlatforms) = preSolution
		Debug|Any CPU = Debug|Any CPU
		Release|Any CPU = Release|Any CPU
	EndGlobalSection
	GlobalSection(ProjectConfigurationPlatforms) = postSolution
		{97274CEE-203E-4BB9-9260-6B18D0E1A528}.Debug|Any CPU.ActiveCfg = Debug|Any CPU
		{97274CEE-203E-4BB9-9260-6B18D0E1A528}.Debug|Any CPU.Build.0 = Debug|Any CPU
		{97274CEE-203E-4BB9-9260-6B18D0E1A528}.Release|Any CPU.ActiveCfg = Release|Any CPU
		{97274CEE-203E-4BB9-9260-6B18D0E1A528}.Release|Any CPU.Build.0 = Release|Any CPU
		{9D93D4FF-77B4-4BDB-BFAE-6BE119F42C30}.Debug|Any CPU.ActiveCfg = Debug|Any CPU
		{9D93D4FF-77B4-4BDB-BFAE-6BE119F42C30}.Debug|Any CPU.Build.0 = Debug|Any CPU
		{9D93D4FF-77B4-4BDB-BFAE-6BE119F42C30}.Release|Any CPU.ActiveCfg = Release|Any CPU
		{9D93D4FF-77B4-4BDB-BFAE-6BE119F42C30}.Release|Any CPU.Build.0 = Release|Any CPU
		{A87F6A54-3C77-4AF6-BF22-DCF0D9DF2AE5}.Debug|Any CPU.ActiveCfg = Debug|Any CPU
		{A87F6A54-3C77-4AF6-BF22-DCF0D9DF2AE5}.Debug|Any CPU.Build.0 = Debug|Any CPU
		{A87F6A54-3C77-4AF6-BF22-DCF0D9DF2AE5}.Release|Any CPU.ActiveCfg = Release|Any CPU
		{A87F6A54-3C77-4AF6-BF22-DCF0D9DF2AE5}.Release|Any CPU.Build.0 = Release|Any CPU
		{3AEE10AE-24E8-470F-954F-A3B33518B20D}.Debug|Any CPU.ActiveCfg = Debug|Any CPU
		{3AEE10AE-24E8-470F-954F-A3B33518B20D}.Debug|Any CPU.Build.0 = Debug|Any CPU
		{3AEE10AE-24E8-470F-954F-A3B33518B20D}.Release|Any CPU.ActiveCfg = Release|Any CPU
		{3AEE10AE-24E8-470F-954F-A3B33518B20D}.Release|Any CPU.Build.0 = Release|Any CPU
	EndGlobalSection
	GlobalSection(SolutionProperties) = preSolution
		HideSolutionNode = FALSE
	EndGlobalSection
	GlobalSection(NestedProjects) = preSolution
		{38DDEA2D-EAF9-4E9A-B956-CC09668592D2} = {58E241E1-D6CF-4960-9F39-99E02BDB30D9}
		{0C378AA2-9F77-4211-8EE6-033738FB7618} = {58E241E1-D6CF-4960-9F39-99E02BDB30D9}
		{97274CEE-203E-4BB9-9260-6B18D0E1A528} = {6DF1D787-1706-4A47-859D-94C542C43A91}
		{9D93D4FF-77B4-4BDB-BFAE-6BE119F42C30} = {E38762BC-71B1-467D-96F0-5F741CDEBF06}
		{A87F6A54-3C77-4AF6-BF22-DCF0D9DF2AE5} = {F3139812-2090-4BCC-A23C-8E0E43462379}
		{3AEE10AE-24E8-470F-954F-A3B33518B20D} = {38DDEA2D-EAF9-4E9A-B956-CC09668592D2}
	EndGlobalSection
EndGlobal
